// !$*UTF8*$!
{
	archiveVersion = 1;
	classes = {
	};
	objectVersion = 56;
	objects = {

/* Begin PBXBuildFile section */
		D013459E2B825AAD00B07F90 /* AppDelegate.swift in Sources */ = {isa = PBXBuildFile; fileRef = D013459D2B825AAD00B07F90 /* AppDelegate.swift */; };
		D01345A02B825AAD00B07F90 /* SceneDelegate.swift in Sources */ = {isa = PBXBuildFile; fileRef = D013459F2B825AAD00B07F90 /* SceneDelegate.swift */; };
		D01345A22B825AAD00B07F90 /* ViewController.swift in Sources */ = {isa = PBXBuildFile; fileRef = D01345A12B825AAD00B07F90 /* ViewController.swift */; };
		D01345A72B825AAE00B07F90 /* Assets.xcassets in Resources */ = {isa = PBXBuildFile; fileRef = D01345A62B825AAE00B07F90 /* Assets.xcassets */; };
		D01345AA2B825AAE00B07F90 /* LaunchScreen.storyboard in Resources */ = {isa = PBXBuildFile; fileRef = D01345A82B825AAE00B07F90 /* LaunchScreen.storyboard */; };
		D01345BA2B82651400B07F90 /* Welcome.storyboard in Resources */ = {isa = PBXBuildFile; fileRef = D01345B92B82651400B07F90 /* Welcome.storyboard */; };
		D048E8AE2B88C80F00BE0737 /* SignUpViewController+UI.swift in Sources */ = {isa = PBXBuildFile; fileRef = D048E8AD2B88C80F00BE0737 /* SignUpViewController+UI.swift */; };
		D048E8B02B8B8FCC00BE0737 /* SignInViewController.swift in Sources */ = {isa = PBXBuildFile; fileRef = D048E8AF2B8B8FCC00BE0737 /* SignInViewController.swift */; };
		D048E8B22B8B91B100BE0737 /* SignInViewController+UI.swift in Sources */ = {isa = PBXBuildFile; fileRef = D048E8B12B8B91B100BE0737 /* SignInViewController+UI.swift */; };
		D07547632B8814C90006592B /* ViewController+UI.swift in Sources */ = {isa = PBXBuildFile; fileRef = D07547622B8814C90006592B /* ViewController+UI.swift */; };
		D07547692B88C14E0006592B /* SignUpViewController.swift in Sources */ = {isa = PBXBuildFile; fileRef = D07547682B88C14E0006592B /* SignUpViewController.swift */; };
/* End PBXBuildFile section */

/* Begin PBXFileReference section */
		D013459A2B825AAD00B07F90 /* JChat.app */ = {isa = PBXFileReference; explicitFileType = wrapper.application; includeInIndex = 0; path = JChat.app; sourceTree = BUILT_PRODUCTS_DIR; };
		D013459D2B825AAD00B07F90 /* AppDelegate.swift */ = {isa = PBXFileReference; lastKnownFileType = sourcecode.swift; path = AppDelegate.swift; sourceTree = "<group>"; };
		D013459F2B825AAD00B07F90 /* SceneDelegate.swift */ = {isa = PBXFileReference; lastKnownFileType = sourcecode.swift; path = SceneDelegate.swift; sourceTree = "<group>"; };
		D01345A12B825AAD00B07F90 /* ViewController.swift */ = {isa = PBXFileReference; lastKnownFileType = sourcecode.swift; path = ViewController.swift; sourceTree = "<group>"; };
		D01345A62B825AAE00B07F90 /* Assets.xcassets */ = {isa = PBXFileReference; lastKnownFileType = folder.assetcatalog; path = Assets.xcassets; sourceTree = "<group>"; };
		D01345A92B825AAE00B07F90 /* Base */ = {isa = PBXFileReference; lastKnownFileType = file.storyboard; name = Base; path = Base.lproj/LaunchScreen.storyboard; sourceTree = "<group>"; };
		D01345AB2B825AAE00B07F90 /* Info.plist */ = {isa = PBXFileReference; lastKnownFileType = text.plist.xml; path = Info.plist; sourceTree = "<group>"; };
		D01345B92B82651400B07F90 /* Welcome.storyboard */ = {isa = PBXFileReference; lastKnownFileType = file.storyboard; path = Welcome.storyboard; sourceTree = "<group>"; };
		D048E8AD2B88C80F00BE0737 /* SignUpViewController+UI.swift */ = {isa = PBXFileReference; lastKnownFileType = sourcecode.swift; path = "SignUpViewController+UI.swift"; sourceTree = "<group>"; };
		D048E8AF2B8B8FCC00BE0737 /* SignInViewController.swift */ = {isa = PBXFileReference; lastKnownFileType = sourcecode.swift; path = SignInViewController.swift; sourceTree = "<group>"; };
		D048E8B12B8B91B100BE0737 /* SignInViewController+UI.swift */ = {isa = PBXFileReference; lastKnownFileType = sourcecode.swift; path = "SignInViewController+UI.swift"; sourceTree = "<group>"; };
		D07547622B8814C90006592B /* ViewController+UI.swift */ = {isa = PBXFileReference; lastKnownFileType = sourcecode.swift; path = "ViewController+UI.swift"; sourceTree = "<group>"; };
		D07547682B88C14E0006592B /* SignUpViewController.swift */ = {isa = PBXFileReference; lastKnownFileType = sourcecode.swift; path = SignUpViewController.swift; sourceTree = "<group>"; };
/* End PBXFileReference section */

/* Begin PBXFrameworksBuildPhase section */
		D01345972B825AAD00B07F90 /* Frameworks */ = {
			isa = PBXFrameworksBuildPhase;
			buildActionMask = 2147483647;
			files = (
			);
			runOnlyForDeploymentPostprocessing = 0;
		};
/* End PBXFrameworksBuildPhase section */

/* Begin PBXGroup section */
		D01345912B825AAD00B07F90 = {
			isa = PBXGroup;
			children = (
				D013459C2B825AAD00B07F90 /* JChat */,
				D013459B2B825AAD00B07F90 /* Products */,
			);
			sourceTree = "<group>";
		};
		D013459B2B825AAD00B07F90 /* Products */ = {
			isa = PBXGroup;
			children = (
				D013459A2B825AAD00B07F90 /* JChat.app */,
			);
			name = Products;
			sourceTree = "<group>";
		};
		D013459C2B825AAD00B07F90 /* JChat */ = {
			isa = PBXGroup;
			children = (
				D013459D2B825AAD00B07F90 /* AppDelegate.swift */,
				D013459F2B825AAD00B07F90 /* SceneDelegate.swift */,
				D01345A12B825AAD00B07F90 /* ViewController.swift */,
				D07547622B8814C90006592B /* ViewController+UI.swift */,
				D01345A62B825AAE00B07F90 /* Assets.xcassets */,
				D01345A82B825AAE00B07F90 /* LaunchScreen.storyboard */,
				D01345AB2B825AAE00B07F90 /* Info.plist */,
				D01345B92B82651400B07F90 /* Welcome.storyboard */,
				D048E8AF2B8B8FCC00BE0737 /* SignInViewController.swift */,
				D048E8B12B8B91B100BE0737 /* SignInViewController+UI.swift */,
				D07547682B88C14E0006592B /* SignUpViewController.swift */,
				D048E8AD2B88C80F00BE0737 /* SignUpViewController+UI.swift */,
			);
			path = JChat;
			sourceTree = "<group>";
		};
/* End PBXGroup section */

/* Begin PBXNativeTarget section */
		D01345992B825AAD00B07F90 /* JChat */ = {
			isa = PBXNativeTarget;
			buildConfigurationList = D01345AE2B825AAE00B07F90 /* Build configuration list for PBXNativeTarget "JChat" */;
			buildPhases = (
				D01345962B825AAD00B07F90 /* Sources */,
				D01345972B825AAD00B07F90 /* Frameworks */,
				D01345982B825AAD00B07F90 /* Resources */,
			);
			buildRules = (
			);
			dependencies = (
			);
			name = JChat;
			productName = JChat;
			productReference = D013459A2B825AAD00B07F90 /* JChat.app */;
			productType = "com.apple.product-type.application";
		};
/* End PBXNativeTarget section */

/* Begin PBXProject section */
		D01345922B825AAD00B07F90 /* Project object */ = {
			isa = PBXProject;
			attributes = {
				BuildIndependentTargetsInParallel = 1;
				LastSwiftUpdateCheck = 1520;
				LastUpgradeCheck = 1520;
				TargetAttributes = {
					D01345992B825AAD00B07F90 = {
						CreatedOnToolsVersion = 15.2;
					};
				};
			};
			buildConfigurationList = D01345952B825AAD00B07F90 /* Build configuration list for PBXProject "JChat" */;
			compatibilityVersion = "Xcode 14.0";
			developmentRegion = en;
			hasScannedForEncodings = 0;
			knownRegions = (
				en,
				Base,
			);
			mainGroup = D01345912B825AAD00B07F90;
			productRefGroup = D013459B2B825AAD00B07F90 /* Products */;
			projectDirPath = "";
			projectRoot = "";
			targets = (
				D01345992B825AAD00B07F90 /* JChat */,
			);
		};
/* End PBXProject section */

/* Begin PBXResourcesBuildPhase section */
		D01345982B825AAD00B07F90 /* Resources */ = {
			isa = PBXResourcesBuildPhase;
			buildActionMask = 2147483647;
			files = (
				D01345AA2B825AAE00B07F90 /* LaunchScreen.storyboard in Resources */,
				D01345A72B825AAE00B07F90 /* Assets.xcassets in Resources */,
				D01345BA2B82651400B07F90 /* Welcome.storyboard in Resources */,
			);
			runOnlyForDeploymentPostprocessing = 0;
		};
/* End PBXResourcesBuildPhase section */

/* Begin PBXSourcesBuildPhase section */
		D01345962B825AAD00B07F90 /* Sources */ = {
			isa = PBXSourcesBuildPhase;
			buildActionMask = 2147483647;
			files = (
				D048E8B22B8B91B100BE0737 /* SignInViewController+UI.swift in Sources */,
				D048E8B02B8B8FCC00BE0737 /* SignInViewController.swift in Sources */,
				D048E8AE2B88C80F00BE0737 /* SignUpViewController+UI.swift in Sources */,
				D01345A22B825AAD00B07F90 /* ViewController.swift in Sources */,
				D013459E2B825AAD00B07F90 /* AppDelegate.swift in Sources */,
				D07547632B8814C90006592B /* ViewController+UI.swift in Sources */,
				D01345A02B825AAD00B07F90 /* SceneDelegate.swift in Sources */,
				D07547692B88C14E0006592B /* SignUpViewController.swift in Sources */,
			);
			runOnlyForDeploymentPostprocessing = 0;
		};
/* End PBXSourcesBuildPhase section */

/* Begin PBXVariantGroup section */
		D01345A82B825AAE00B07F90 /* LaunchScreen.storyboard */ = {
			isa = PBXVariantGroup;
			children = (
				D01345A92B825AAE00B07F90 /* Base */,
			);
			name = LaunchScreen.storyboard;
			sourceTree = "<group>";
		};
/* End PBXVariantGroup section */

/* Begin XCBuildConfiguration section */
		D01345AC2B825AAE00B07F90 /* Debug */ = {
			isa = XCBuildConfiguration;
			buildSettings = {
				ALWAYS_SEARCH_USER_PATHS = NO;
				ASSETCATALOG_COMPILER_GENERATE_SWIFT_ASSET_SYMBOL_EXTENSIONS = YES;
				CLANG_ANALYZER_NONNULL = YES;
				CLANG_ANALYZER_NUMBER_OBJECT_CONVERSION = YES_AGGRESSIVE;
				CLANG_CXX_LANGUAGE_STANDARD = "gnu++20";
				CLANG_ENABLE_MODULES = YES;
				CLANG_ENABLE_OBJC_ARC = YES;
				CLANG_ENABLE_OBJC_WEAK = YES;
				CLANG_WARN_BLOCK_CAPTURE_AUTORELEASING = YES;
				CLANG_WARN_BOOL_CONVERSION = YES;
				CLANG_WARN_COMMA = YES;
				CLANG_WARN_CONSTANT_CONVERSION = YES;
				CLANG_WARN_DEPRECATED_OBJC_IMPLEMENTATIONS = YES;
				CLANG_WARN_DIRECT_OBJC_ISA_USAGE = YES_ERROR;
				CLANG_WARN_DOCUMENTATION_COMMENTS = YES;
				CLANG_WARN_EMPTY_BODY = YES;
				CLANG_WARN_ENUM_CONVERSION = YES;
				CLANG_WARN_INFINITE_RECURSION = YES;
				CLANG_WARN_INT_CONVERSION = YES;
				CLANG_WARN_NON_LITERAL_NULL_CONVERSION = YES;
				CLANG_WARN_OBJC_IMPLICIT_RETAIN_SELF = YES;
				CLANG_WARN_OBJC_LITERAL_CONVERSION = YES;
				CLANG_WARN_OBJC_ROOT_CLASS = YES_ERROR;
				CLANG_WARN_QUOTED_INCLUDE_IN_FRAMEWORK_HEADER = YES;
				CLANG_WARN_RANGE_LOOP_ANALYSIS = YES;
				CLANG_WARN_STRICT_PROTOTYPES = YES;
				CLANG_WARN_SUSPICIOUS_MOVE = YES;
				CLANG_WARN_UNGUARDED_AVAILABILITY = YES_AGGRESSIVE;
				CLANG_WARN_UNREACHABLE_CODE = YES;
				CLANG_WARN__DUPLICATE_METHOD_MATCH = YES;
				COPY_PHASE_STRIP = NO;
				DEBUG_INFORMATION_FORMAT = dwarf;
				ENABLE_STRICT_OBJC_MSGSEND = YES;
				ENABLE_TESTABILITY = YES;
				ENABLE_USER_SCRIPT_SANDBOXING = YES;
				GCC_C_LANGUAGE_STANDARD = gnu17;
				GCC_DYNAMIC_NO_PIC = NO;
				GCC_NO_COMMON_BLOCKS = YES;
				GCC_OPTIMIZATION_LEVEL = 0;
				GCC_PREPROCESSOR_DEFINITIONS = (
					"DEBUG=1",
					"$(inherited)",
				);
				GCC_WARN_64_TO_32_BIT_CONVERSION = YES;
				GCC_WARN_ABOUT_RETURN_TYPE = YES_ERROR;
				GCC_WARN_UNDECLARED_SELECTOR = YES;
				GCC_WARN_UNINITIALIZED_AUTOS = YES_AGGRESSIVE;
				GCC_WARN_UNUSED_FUNCTION = YES;
				GCC_WARN_UNUSED_VARIABLE = YES;
				IPHONEOS_DEPLOYMENT_TARGET = 17.2;
				LOCALIZATION_PREFERS_STRING_CATALOGS = YES;
				MTL_ENABLE_DEBUG_INFO = INCLUDE_SOURCE;
				MTL_FAST_MATH = YES;
				ONLY_ACTIVE_ARCH = YES;
				SDKROOT = iphoneos;
				SWIFT_ACTIVE_COMPILATION_CONDITIONS = "DEBUG $(inherited)";
				SWIFT_OPTIMIZATION_LEVEL = "-Onone";
			};
			name = Debug;
		};
		D01345AD2B825AAE00B07F90 /* Release */ = {
			isa = XCBuildConfiguration;
			buildSettings = {
				ALWAYS_SEARCH_USER_PATHS = NO;
				ASSETCATALOG_COMPILER_GENERATE_SWIFT_ASSET_SYMBOL_EXTENSIONS = YES;
				CLANG_ANALYZER_NONNULL = YES;
				CLANG_ANALYZER_NUMBER_OBJECT_CONVERSION = YES_AGGRESSIVE;
				CLANG_CXX_LANGUAGE_STANDARD = "gnu++20";
				CLANG_ENABLE_MODULES = YES;
				CLANG_ENABLE_OBJC_ARC = YES;
				CLANG_ENABLE_OBJC_WEAK = YES;
				CLANG_WARN_BLOCK_CAPTURE_AUTORELEASING = YES;
				CLANG_WARN_BOOL_CONVERSION = YES;
				CLANG_WARN_COMMA = YES;
				CLANG_WARN_CONSTANT_CONVERSION = YES;
				CLANG_WARN_DEPRECATED_OBJC_IMPLEMENTATIONS = YES;
				CLANG_WARN_DIRECT_OBJC_ISA_USAGE = YES_ERROR;
				CLANG_WARN_DOCUMENTATION_COMMENTS = YES;
				CLANG_WARN_EMPTY_BODY = YES;
				CLANG_WARN_ENUM_CONVERSION = YES;
				CLANG_WARN_INFINITE_RECURSION = YES;
				CLANG_WARN_INT_CONVERSION = YES;
				CLANG_WARN_NON_LITERAL_NULL_CONVERSION = YES;
				CLANG_WARN_OBJC_IMPLICIT_RETAIN_SELF = YES;
				CLANG_WARN_OBJC_LITERAL_CONVERSION = YES;
				CLANG_WARN_OBJC_ROOT_CLASS = YES_ERROR;
				CLANG_WARN_QUOTED_INCLUDE_IN_FRAMEWORK_HEADER = YES;
				CLANG_WARN_RANGE_LOOP_ANALYSIS = YES;
				CLANG_WARN_STRICT_PROTOTYPES = YES;
				CLANG_WARN_SUSPICIOUS_MOVE = YES;
				CLANG_WARN_UNGUARDED_AVAILABILITY = YES_AGGRESSIVE;
				CLANG_WARN_UNREACHABLE_CODE = YES;
				CLANG_WARN__DUPLICATE_METHOD_MATCH = YES;
				COPY_PHASE_STRIP = NO;
				DEBUG_INFORMATION_FORMAT = "dwarf-with-dsym";
				ENABLE_NS_ASSERTIONS = NO;
				ENABLE_STRICT_OBJC_MSGSEND = YES;
				ENABLE_USER_SCRIPT_SANDBOXING = YES;
				GCC_C_LANGUAGE_STANDARD = gnu17;
				GCC_NO_COMMON_BLOCKS = YES;
				GCC_WARN_64_TO_32_BIT_CONVERSION = YES;
				GCC_WARN_ABOUT_RETURN_TYPE = YES_ERROR;
				GCC_WARN_UNDECLARED_SELECTOR = YES;
				GCC_WARN_UNINITIALIZED_AUTOS = YES_AGGRESSIVE;
				GCC_WARN_UNUSED_FUNCTION = YES;
				GCC_WARN_UNUSED_VARIABLE = YES;
				IPHONEOS_DEPLOYMENT_TARGET = 17.2;
				LOCALIZATION_PREFERS_STRING_CATALOGS = YES;
				MTL_ENABLE_DEBUG_INFO = NO;
				MTL_FAST_MATH = YES;
				SDKROOT = iphoneos;
				SWIFT_COMPILATION_MODE = wholemodule;
				VALIDATE_PRODUCT = YES;
			};
			name = Release;
		};
		D01345AF2B825AAE00B07F90 /* Debug */ = {
			isa = XCBuildConfiguration;
			buildSettings = {
				ASSETCATALOG_COMPILER_APPICON_NAME = AppIcon;
				ASSETCATALOG_COMPILER_GLOBAL_ACCENT_COLOR_NAME = AccentColor;
				CODE_SIGN_STYLE = Automatic;
				CURRENT_PROJECT_VERSION = 1;
				DEVELOPMENT_TEAM = PZK8VVYPU3;
				GENERATE_INFOPLIST_FILE = YES;
				INFOPLIST_FILE = JChat/Info.plist;
				INFOPLIST_KEY_UIApplicationSupportsIndirectInputEvents = YES;
				INFOPLIST_KEY_UILaunchStoryboardName = LaunchScreen;
				INFOPLIST_KEY_UIMainStoryboardFile = Welcome;
				INFOPLIST_KEY_UISupportedInterfaceOrientations = "UIInterfaceOrientationLandscapeLeft UIInterfaceOrientationLandscapeRight UIInterfaceOrientationPortrait";
				INFOPLIST_KEY_UISupportedInterfaceOrientations_iPad = "UIInterfaceOrientationLandscapeLeft UIInterfaceOrientationLandscapeRight UIInterfaceOrientationPortrait UIInterfaceOrientationPortraitUpsideDown";
				IPHONEOS_DEPLOYMENT_TARGET = 17.2;
				LD_RUNPATH_SEARCH_PATHS = (
					"$(inherited)",
					"@executable_path/Frameworks",
				);
				MARKETING_VERSION = 1.0;
				PRODUCT_BUNDLE_IDENTIFIER = mehdioturak.JChat;
				PRODUCT_NAME = "$(TARGET_NAME)";
				SWIFT_EMIT_LOC_STRINGS = YES;
				SWIFT_VERSION = 5.0;
				TARGETED_DEVICE_FAMILY = "1,2";
			};
			name = Debug;
		};
		D01345B02B825AAE00B07F90 /* Release */ = {
			isa = XCBuildConfiguration;
			buildSettings = {
				ASSETCATALOG_COMPILER_APPICON_NAME = AppIcon;
				ASSETCATALOG_COMPILER_GLOBAL_ACCENT_COLOR_NAME = AccentColor;
				CODE_SIGN_STYLE = Automatic;
				CURRENT_PROJECT_VERSION = 1;
				DEVELOPMENT_TEAM = PZK8VVYPU3;
				GENERATE_INFOPLIST_FILE = YES;
				INFOPLIST_FILE = JChat/Info.plist;
				INFOPLIST_KEY_UIApplicationSupportsIndirectInputEvents = YES;
				INFOPLIST_KEY_UILaunchStoryboardName = LaunchScreen;
				INFOPLIST_KEY_UIMainStoryboardFile = Welcome;
				INFOPLIST_KEY_UISupportedInterfaceOrientations = "UIInterfaceOrientationLandscapeLeft UIInterfaceOrientationLandscapeRight UIInterfaceOrientationPortrait";
				INFOPLIST_KEY_UISupportedInterfaceOrientations_iPad = "UIInterfaceOrientationLandscapeLeft UIInterfaceOrientationLandscapeRight UIInterfaceOrientationPortrait UIInterfaceOrientationPortraitUpsideDown";
				IPHONEOS_DEPLOYMENT_TARGET = 17.2;
				LD_RUNPATH_SEARCH_PATHS = (
					"$(inherited)",
					"@executable_path/Frameworks",
				);
				MARKETING_VERSION = 1.0;
				PRODUCT_BUNDLE_IDENTIFIER = mehdioturak.JChat;
				PRODUCT_NAME = "$(TARGET_NAME)";
				SWIFT_EMIT_LOC_STRINGS = YES;
				SWIFT_VERSION = 5.0;
				TARGETED_DEVICE_FAMILY = "1,2";
			};
			name = Release;
		};
/* End XCBuildConfiguration section */

/* Begin XCConfigurationList section */
		D01345952B825AAD00B07F90 /* Build configuration list for PBXProject "JChat" */ = {
			isa = XCConfigurationList;
			buildConfigurations = (
				D01345AC2B825AAE00B07F90 /* Debug */,
				D01345AD2B825AAE00B07F90 /* Release */,
			);
			defaultConfigurationIsVisible = 0;
			defaultConfigurationName = Release;
		};
		D01345AE2B825AAE00B07F90 /* Build configuration list for PBXNativeTarget "JChat" */ = {
			isa = XCConfigurationList;
			buildConfigurations = (
				D01345AF2B825AAE00B07F90 /* Debug */,
				D01345B02B825AAE00B07F90 /* Release */,
			);
			defaultConfigurationIsVisible = 0;
			defaultConfigurationName = Release;
		};
/* End XCConfigurationList section */
	};
	rootObject = D01345922B825AAD00B07F90 /* Project object */;
}
